PODS:
  - AAAv (0.3.0)
  - FBSnapshotTestCase (2.1.4):
    - FBSnapshotTestCase/SwiftSupport (= 2.1.4)
  - FBSnapshotTestCase/Core (2.1.4)
  - FBSnapshotTestCase/SwiftSupport (2.1.4):
    - FBSnapshotTestCase/Core

DEPENDENCIES:
  - AAAv (from `../AAAv.podspec`)
  - FBSnapshotTestCase

SPEC REPOS:
  https://github.com/cocoapods/specs.git:
    - FBSnapshotTestCase

EXTERNAL SOURCES:
  AAAv:
    :podspec: "../AAAv.podspec"

SPEC CHECKSUMS:
  AAAv: a517c234e918f117e0e7c8fc0d5389a8e86f38b1
  FBSnapshotTestCase: 094f9f314decbabe373b87cc339bea235a63e07a

PODFILE CHECKSUM: 19ecab08d3c5bf95b1c79e9e630a9121a3e8a3d3

COCOAPODS: 1.7.0
